{
  "name": "impressed-movie",
  "version": "1.0.0",
  "lockfileVersion": 1,
  "requires": true,
  "dependencies": {
    "fslightbox": {
      "version": "2.0.1",
      "resolved": "https://registry.npmjs.org/fslightbox/-/fslightbox-2.0.1.tgz",
      "integrity": "sha512-yk1uU1kHkIE2vmQ222W5LlkWJIxjvfTKEv9+/NwFLtn2B6PgLlRaKkwkrYp5SBMtwYt2vCwTp06BMqpUXTvwUA=="
    }
  }
}
